
Microsoft Visual Studio Solution File, Format Version 12.00
# Visual Studio Version 17
VisualStudioVersion = 17.4.33205.214
MinimumVisualStudioVersion = 10.0.40219.1
Project("{9A19103F-16F7-4668-BE54-9A1E7A4F7556}") = "Has-Relation", "Has-Relation\Has-Relation.csproj", "{884689A1-31E1-4D2D-9744-0FCBF7F0DC71}"
EndProject
Project("{9A19103F-16F7-4668-BE54-9A1E7A4F7556}") = "Bidirectional-Relation", "Bidirectional-Relation\Bidirectional-Relation.csproj", "{C2077283-F7B5-4D00-B219-F81914F72C9C}"
EndProject
Project("{9A19103F-16F7-4668-BE54-9A1E7A4F7556}") = "DriverTask", "Kraftfahrzeugfahrer\DriverTask.csproj", "{5B0DD2E7-B255-4B8E-8C30-CCA824466476}"
EndProject
Project("{FAE04EC0-301F-11D3-BF4B-00C04F79EFBC}") = "BillingSoftware", "BillingSoftware\BillingSoftware.csproj", "{D6B2D94E-ED49-4E0C-8803-D3BA95079FED}"
EndProject
Global
	GlobalSection(SolutionConfigurationPlatforms) = preSolution
		Debug|Any CPU = Debug|Any CPU
		Release|Any CPU = Release|Any CPU
	EndGlobalSection
	GlobalSection(ProjectConfigurationPlatforms) = postSolution
		{884689A1-31E1-4D2D-9744-0FCBF7F0DC71}.Debug|Any CPU.ActiveCfg = Debug|Any CPU
		{884689A1-31E1-4D2D-9744-0FCBF7F0DC71}.Debug|Any CPU.Build.0 = Debug|Any CPU
		{884689A1-31E1-4D2D-9744-0FCBF7F0DC71}.Release|Any CPU.ActiveCfg = Release|Any CPU
		{884689A1-31E1-4D2D-9744-0FCBF7F0DC71}.Release|Any CPU.Build.0 = Release|Any CPU
		{C2077283-F7B5-4D00-B219-F81914F72C9C}.Debug|Any CPU.ActiveCfg = Debug|Any CPU
		{C2077283-F7B5-4D00-B219-F81914F72C9C}.Debug|Any CPU.Build.0 = Debug|Any CPU
		{C2077283-F7B5-4D00-B219-F81914F72C9C}.Release|Any CPU.ActiveCfg = Release|Any CPU
		{C2077283-F7B5-4D00-B219-F81914F72C9C}.Release|Any CPU.Build.0 = Release|Any CPU
		{5B0DD2E7-B255-4B8E-8C30-CCA824466476}.Debug|Any CPU.ActiveCfg = Debug|Any CPU
		{5B0DD2E7-B255-4B8E-8C30-CCA824466476}.Debug|Any CPU.Build.0 = Debug|Any CPU
		{5B0DD2E7-B255-4B8E-8C30-CCA824466476}.Release|Any CPU.ActiveCfg = Release|Any CPU
		{5B0DD2E7-B255-4B8E-8C30-CCA824466476}.Release|Any CPU.Build.0 = Release|Any CPU
		{D6B2D94E-ED49-4E0C-8803-D3BA95079FED}.Debug|Any CPU.ActiveCfg = Debug|Any CPU
		{D6B2D94E-ED49-4E0C-8803-D3BA95079FED}.Debug|Any CPU.Build.0 = Debug|Any CPU
		{D6B2D94E-ED49-4E0C-8803-D3BA95079FED}.Release|Any CPU.ActiveCfg = Release|Any CPU
		{D6B2D94E-ED49-4E0C-8803-D3BA95079FED}.Release|Any CPU.Build.0 = Release|Any CPU
	EndGlobalSection
	GlobalSection(SolutionProperties) = preSolution
		HideSolutionNode = FALSE
	EndGlobalSection
	GlobalSection(ExtensibilityGlobals) = postSolution
		SolutionGuid = {04B5847C-5E7B-48E9-8A6D-A597F7B8A0F4}
	EndGlobalSection
EndGlobal
